
Microsoft Visual Studio Solution File, Format Version 12.00
# Visual Studio Version 16
VisualStudioVersion = 16.0.30523.141
MinimumVisualStudioVersion = 10.0.40219.1
Project("{9A19103F-16F7-4668-BE54-9A1E7A4F7556}") = "StampinUp.Api", "StampinUp.Api\StampinUp.Api.csproj", "{71AF3266-EF4D-4544-8EFB-919C6589E6AE}"
EndProject
Project("{9A19103F-16F7-4668-BE54-9A1E7A4F7556}") = "Stampin.Api.Test", "Stampin.Api.Test\Stampin.Api.Test.csproj", "{9C43C68D-6682-4E1A-8AF4-C1098E309EB3}"
EndProject
Project("{FAE04EC0-301F-11D3-BF4B-00C04F79EFBC}") = "Stampin.Api.Common", "Stampin.Api.Common\Stampin.Api.Common.csproj", "{0EF4A8F4-31BF-47B0-AB10-54921075914C}"
EndProject
Project("{FAE04EC0-301F-11D3-BF4B-00C04F79EFBC}") = "Stampin.Api.Business", "Stampin.Api.Business\Stampin.Api.Business.csproj", "{049B82F5-7AEF-4A89-8F0D-E145AE1DDF04}"
EndProject
Project("{FAE04EC0-301F-11D3-BF4B-00C04F79EFBC}") = "Stampin.Api.DataAccess", "Stampin.Api.DataAccess\Stampin.Api.DataAccess.csproj", "{A4FC3323-4563-4195-8DBA-B3FF9A5A84FE}"
EndProject
Global
	GlobalSection(SolutionConfigurationPlatforms) = preSolution
		Debug|Any CPU = Debug|Any CPU
		Release|Any CPU = Release|Any CPU
	EndGlobalSection
	GlobalSection(ProjectConfigurationPlatforms) = postSolution
		{71AF3266-EF4D-4544-8EFB-919C6589E6AE}.Debug|Any CPU.ActiveCfg = Debug|Any CPU
		{71AF3266-EF4D-4544-8EFB-919C6589E6AE}.Debug|Any CPU.Build.0 = Debug|Any CPU
		{71AF3266-EF4D-4544-8EFB-919C6589E6AE}.Release|Any CPU.ActiveCfg = Release|Any CPU
		{71AF3266-EF4D-4544-8EFB-919C6589E6AE}.Release|Any CPU.Build.0 = Release|Any CPU
		{9C43C68D-6682-4E1A-8AF4-C1098E309EB3}.Debug|Any CPU.ActiveCfg = Debug|Any CPU
		{9C43C68D-6682-4E1A-8AF4-C1098E309EB3}.Debug|Any CPU.Build.0 = Debug|Any CPU
		{9C43C68D-6682-4E1A-8AF4-C1098E309EB3}.Release|Any CPU.ActiveCfg = Release|Any CPU
		{9C43C68D-6682-4E1A-8AF4-C1098E309EB3}.Release|Any CPU.Build.0 = Release|Any CPU
		{0EF4A8F4-31BF-47B0-AB10-54921075914C}.Debug|Any CPU.ActiveCfg = Debug|Any CPU
		{0EF4A8F4-31BF-47B0-AB10-54921075914C}.Debug|Any CPU.Build.0 = Debug|Any CPU
		{0EF4A8F4-31BF-47B0-AB10-54921075914C}.Release|Any CPU.ActiveCfg = Release|Any CPU
		{0EF4A8F4-31BF-47B0-AB10-54921075914C}.Release|Any CPU.Build.0 = Release|Any CPU
		{049B82F5-7AEF-4A89-8F0D-E145AE1DDF04}.Debug|Any CPU.ActiveCfg = Debug|Any CPU
		{049B82F5-7AEF-4A89-8F0D-E145AE1DDF04}.Debug|Any CPU.Build.0 = Debug|Any CPU
		{049B82F5-7AEF-4A89-8F0D-E145AE1DDF04}.Release|Any CPU.ActiveCfg = Release|Any CPU
		{049B82F5-7AEF-4A89-8F0D-E145AE1DDF04}.Release|Any CPU.Build.0 = Release|Any CPU
		{A4FC3323-4563-4195-8DBA-B3FF9A5A84FE}.Debug|Any CPU.ActiveCfg = Debug|Any CPU
		{A4FC3323-4563-4195-8DBA-B3FF9A5A84FE}.Debug|Any CPU.Build.0 = Debug|Any CPU
		{A4FC3323-4563-4195-8DBA-B3FF9A5A84FE}.Release|Any CPU.ActiveCfg = Release|Any CPU
		{A4FC3323-4563-4195-8DBA-B3FF9A5A84FE}.Release|Any CPU.Build.0 = Release|Any CPU
	EndGlobalSection
	GlobalSection(SolutionProperties) = preSolution
		HideSolutionNode = FALSE
	EndGlobalSection
	GlobalSection(ExtensibilityGlobals) = postSolution
		SolutionGuid = {903BD955-0DB4-4ED2-AEDB-316863732FA2}
	EndGlobalSection
EndGlobal
